# @generated by Move, please check-in and do not edit manually.

[move]
version = 3
manifest_digest = "C0640714329602465EF4A789A5527C5B29CFB6B45A889E72878A23EC3E7355AC"
deps_digest = "F8BBB0CCB2491CA29A3DF03D6F92277A4F3574266507ACD77214D37ECA3F3082"
dependencies = [
  { id = "Sui", name = "Sui" },
]

[[move.package]]
id = "MoveStdlib"
source = { git = "https://github.com/MystenLabs/sui.git", rev = "testnet", subdir = "crates/sui-framework/packages/move-stdlib" }

[[move.package]]
id = "Sui"
source = { git = "https://github.com/MystenLabs/sui.git", rev = "testnet", subdir = "crates/sui-framework/packages/sui-framework" }

dependencies = [
  { id = "MoveStdlib", name = "MoveStdlib" },
]

[move.toolchain-version]
compiler-version = "1.60.0"
edition = "2024.beta"
flavor = "sui"

[env]

[env.testnet]
chain-id = "4c78adac"
original-published-id = "0x69a1dbaa1ccc28aa0764462750cb539d344b6ce3298adf8c8214541477aca731"
latest-published-id = "0x69a1dbaa1ccc28aa0764462750cb539d344b6ce3298adf8c8214541477aca731"
published-version = "1"
